# THIS IS AN AUTOGENERATED FILE. DO NOT EDIT THIS FILE DIRECTLY.
# yarn lockfile v1


"@esbuild/win32-x64@0.25.1":
  version "0.25.1"
  resolved "https://registry.npmjs.org/@esbuild/win32-x64/-/win32-x64-0.25.1.tgz"
  integrity sha512-Y1EQdcfwMSeQN/ujR5VayLOJ1BHaK+ssyk0AEzPjC+t1lITgsnccPqFjb6V+LsTp/9Iov4ysfjxLaGJ9RPtkVg==

"@rollup/rollup-win32-x64-msvc@4.35.0":
  version "4.35.0"
  resolved "https://registry.npmjs.org/@rollup/rollup-win32-x64-msvc/-/rollup-win32-x64-msvc-4.35.0.tgz"
  integrity sha512-PIQeY5XDkrOysbQblSW7v3l1MDZzkTEzAfTPkj5VAu3FW8fS4ynyLg2sINp0fp3SjZ8xkRYpLqoKcYqAkhU1dw==

"@telegram-apps/bridge@^1.9.2":
  version "1.9.2"
  resolved "https://registry.npmjs.org/@telegram-apps/bridge/-/bridge-1.9.2.tgz"
  integrity sha512-SJLcNWLXhbbZr9MiqFH/g2ceuitSJKMxUIZysK4zUNyTUNuonrQG80Q/yrO+XiNbKUj8WdDNM86NBARhuyyinQ==
  dependencies:
    "@telegram-apps/signals" "^1.1.1"
    "@telegram-apps/toolkit" "^1.1.1"
    "@telegram-apps/transformers" "^1.2.2"
    "@telegram-apps/types" "^1.2.1"

"@telegram-apps/bridge@^2.4.0":
  version "2.4.0"
  resolved "https://registry.npmjs.org/@telegram-apps/bridge/-/bridge-2.4.0.tgz"
  integrity sha512-Lp/vhspF7okK8zXvSWWirunKXOPE6Gr11o9VBne4VmKG/yHRhEW7Pf07ncPtXLLzI6wW8+VYc3khsHPABJymEw==
  dependencies:
    "@telegram-apps/signals" "^1.1.1"
    "@telegram-apps/toolkit" "^2.0.0"
    "@telegram-apps/transformers" "^2.2.0"
    "@telegram-apps/types" "^2.0.0"
    better-promises "^0.4.0"
    error-kid "^0.0.4"
    mitt "^3.0.1"
    valibot "1.0.0-beta.14"

"@telegram-apps/navigation@^1.0.13":
  version "1.0.13"
  resolved "https://registry.npmjs.org/@telegram-apps/navigation/-/navigation-1.0.13.tgz"
  integrity sha512-TsUueB5LQp77GQHoMa93nq26Uw7GJjrFCPbyseMVU7aBBxAc+8CV2IYytRwcVp5sv/q7ThK5X4JaKn2V1yBHDQ==
  dependencies:
    "@telegram-apps/bridge" "^1.9.2"
    "@telegram-apps/signals" "^1.1.1"
    "@telegram-apps/toolkit" "^1.1.1"

"@telegram-apps/sdk@^3.5.1":
  version "3.5.1"
  resolved "https://registry.npmjs.org/@telegram-apps/sdk/-/sdk-3.5.1.tgz"
  integrity sha512-m/ynpSozXsqq6Kfb6M9fm8SD6x/+jqvTFT59FuuOBvC+G8eMd0F+fvZdr6Pj0I6IL9M67nrfm92JpTu/aVNEjw==
  dependencies:
    "@telegram-apps/bridge" "^2.4.0"
    "@telegram-apps/navigation" "^1.0.13"
    "@telegram-apps/signals" "^1.1.1"
    "@telegram-apps/toolkit" "^2.0.0"
    "@telegram-apps/transformers" "^2.2.0"
    "@telegram-apps/types" "^2.0.0"
    better-promises "^0.4.0"
    error-kid "^0.0.4"
    valibot "1.0.0-beta.14"

"@telegram-apps/signals@^1.1.1":
  version "1.1.1"
  resolved "https://registry.npmjs.org/@telegram-apps/signals/-/signals-1.1.1.tgz"
  integrity sha512-vz37r8lemGpPzDiBRfqpXYBynzmy3SFnY6zfHsTZABTYYt0b0WQZyU5mFDqqqugGhka78Gy11xmr9csgy4YgGA==

"@telegram-apps/toolkit@^1.1.1":
  version "1.1.1"
  resolved "https://registry.npmjs.org/@telegram-apps/toolkit/-/toolkit-1.1.1.tgz"
  integrity sha512-+vhKx6ngfvjyTE6Xagl3z1TPVbfx5s7xAkcYzCdHYUo6T60jLIqLgyZMcI1UPoIAMuMu1pHoO+p8QNCj/+tFmw==

"@telegram-apps/toolkit@^2.0.0":
  version "2.0.0"
  resolved "https://registry.npmjs.org/@telegram-apps/toolkit/-/toolkit-2.0.0.tgz"
  integrity sha512-1GKTLBNme1Phu/gFvgS9NWPq+LhPfzSIfnwhcF9I/6tCdufrLRcVaSMRiK9R4VDYD6iZUyj+a2l250qWAxxjQQ==

"@telegram-apps/transformers@^1.2.2":
  version "1.2.2"
  resolved "https://registry.npmjs.org/@telegram-apps/transformers/-/transformers-1.2.2.tgz"
  integrity sha512-vvMwXckd1D7Ozc0h66PSUwF5QLrRV9HlGJFFeBuUex8QEk5mSPtsJkLiqB8aBbwuFDa91+TUSM/CxqPZO/e9YQ==
  dependencies:
    "@telegram-apps/toolkit" "^1.1.1"
    "@telegram-apps/types" "^1.2.1"

"@telegram-apps/transformers@^2.2.0":
  version "2.2.0"
  resolved "https://registry.npmjs.org/@telegram-apps/transformers/-/transformers-2.2.0.tgz"
  integrity sha512-wqXXOukhEjZKhzdq5vG1LkxWL11DApbmUKzk+3nA/ki3TLyD3awVTOXbpoNdOwFl2xliIooYcsUOEl4WCyyLGw==
  dependencies:
    "@telegram-apps/toolkit" "^2.0.0"
    "@telegram-apps/types" "^2.0.0"
    valibot "1.0.0-beta.14"

"@telegram-apps/types@^1.2.1":
  version "1.2.1"
  resolved "https://registry.npmjs.org/@telegram-apps/types/-/types-1.2.1.tgz"
  integrity sha512-so4HLh7clur0YyMthi9KVIgWoGpZdXlFOuQjk3+Q5NAvJZ11nAheBSwPlGw/Ko92+zwvrSBE/lQyN2+p17RP+w==

"@telegram-apps/types@^2.0.0":
  version "2.0.0"
  resolved "https://registry.npmjs.org/@telegram-apps/types/-/types-2.0.0.tgz"
  integrity sha512-yF499FJK82a2IDNDAQdrmVH3sgFZl/QFNdVZKgWpgtunIVJ1fres5wi9+4aUBRVIdQwZOZZqB/AOvYYuYXsq3Q==

"@types/estree@1.0.6":
  version "1.0.6"
  resolved "https://registry.npmjs.org/@types/estree/-/estree-1.0.6.tgz"
  integrity sha512-AYnb1nQyY49te+VRAVgmzfcgjYS91mY5P0TKUDCLEM+gNnA+3T6rWITXRLYCpahpqSQbN5cE+gHpnPyXjHWxcw==

better-promises@^0.4.0:
  version "0.4.0"
  resolved "https://registry.npmjs.org/better-promises/-/better-promises-0.4.0.tgz"
  integrity sha512-AcKkTUSd4o1vMf41eBbHW1NkY7vrXeNI6etitGdQE54WFXsF2wkfonrKA06Za7lViRNyT/cMvj5z+DScqhYW8A==
  dependencies:
    error-kid "^0.0.4"

error-kid@^0.0.4:
  version "0.0.4"
  resolved "https://registry.npmjs.org/error-kid/-/error-kid-0.0.4.tgz"
  integrity sha512-x+yQhY56SorLMnX6kOf+z3JCv2QBurcWEDcIjgxYtVr4fGeCfAtOdZOCyWttkHHDFPtL2PqnaRUmphbmALJd9w==

esbuild@^0.25.0:
  version "0.25.1"
  resolved "https://registry.npmjs.org/esbuild/-/esbuild-0.25.1.tgz"
  integrity sha512-BGO5LtrGC7vxnqucAe/rmvKdJllfGaYWdyABvyMoXQlfYMb2bbRuReWR5tEGE//4LcNJj9XrkovTqNYRFZHAMQ==
  optionalDependencies:
    "@esbuild/aix-ppc64" "0.25.1"
    "@esbuild/android-arm" "0.25.1"
    "@esbuild/android-arm64" "0.25.1"
    "@esbuild/android-x64" "0.25.1"
    "@esbuild/darwin-arm64" "0.25.1"
    "@esbuild/darwin-x64" "0.25.1"
    "@esbuild/freebsd-arm64" "0.25.1"
    "@esbuild/freebsd-x64" "0.25.1"
    "@esbuild/linux-arm" "0.25.1"
    "@esbuild/linux-arm64" "0.25.1"
    "@esbuild/linux-ia32" "0.25.1"
    "@esbuild/linux-loong64" "0.25.1"
    "@esbuild/linux-mips64el" "0.25.1"
    "@esbuild/linux-ppc64" "0.25.1"
    "@esbuild/linux-riscv64" "0.25.1"
    "@esbuild/linux-s390x" "0.25.1"
    "@esbuild/linux-x64" "0.25.1"
    "@esbuild/netbsd-arm64" "0.25.1"
    "@esbuild/netbsd-x64" "0.25.1"
    "@esbuild/openbsd-arm64" "0.25.1"
    "@esbuild/openbsd-x64" "0.25.1"
    "@esbuild/sunos-x64" "0.25.1"
    "@esbuild/win32-arm64" "0.25.1"
    "@esbuild/win32-ia32" "0.25.1"
    "@esbuild/win32-x64" "0.25.1"

mitt@^3.0.1:
  version "3.0.1"
  resolved "https://registry.npmjs.org/mitt/-/mitt-3.0.1.tgz"
  integrity sha512-vKivATfr97l2/QBCYAkXYDbrIWPM2IIKEl7YPhjCvKlG3kE2gm+uBo6nEXK3M5/Ffh/FLpKExzOQ3JJoJGFKBw==

nanoid@^3.3.8:
  version "3.3.10"
  resolved "https://registry.npmjs.org/nanoid/-/nanoid-3.3.10.tgz"
  integrity sha512-vSJJTG+t/dIKAUhUDw/dLdZ9s//5OxcHqLaDWWrW4Cdq7o6tdLIczUkMXt2MBNmk6sJRZBZRXVixs7URY1CmIg==

picocolors@^1.1.1:
  version "1.1.1"
  resolved "https://registry.npmjs.org/picocolors/-/picocolors-1.1.1.tgz"
  integrity sha512-xceH2snhtb5M9liqDsmEw56le376mTZkEX/jEb/RxNFyegNul7eNslCXP9FDj/Lcu0X8KEyMceP2ntpaHrDEVA==

postcss@^8.5.3:
  version "8.5.3"
  resolved "https://registry.npmjs.org/postcss/-/postcss-8.5.3.tgz"
  integrity sha512-dle9A3yYxlBSrt8Fu+IpjGT8SY8hN0mlaA6GY8t0P5PjIOZemULz/E2Bnm/2dcUOena75OTNkHI76uZBNUUq3A==
  dependencies:
    nanoid "^3.3.8"
    picocolors "^1.1.1"
    source-map-js "^1.2.1"

rollup@^4.30.1:
  version "4.35.0"
  resolved "https://registry.npmjs.org/rollup/-/rollup-4.35.0.tgz"
  integrity sha512-kg6oI4g+vc41vePJyO6dHt/yl0Rz3Thv0kJeVQ3D1kS3E5XSuKbPc29G4IpT/Kv1KQwgHVcN+HtyS+HYLNSvQg==
  dependencies:
    "@types/estree" "1.0.6"
  optionalDependencies:
    "@rollup/rollup-android-arm-eabi" "4.35.0"
    "@rollup/rollup-android-arm64" "4.35.0"
    "@rollup/rollup-darwin-arm64" "4.35.0"
    "@rollup/rollup-darwin-x64" "4.35.0"
    "@rollup/rollup-freebsd-arm64" "4.35.0"
    "@rollup/rollup-freebsd-x64" "4.35.0"
    "@rollup/rollup-linux-arm-gnueabihf" "4.35.0"
    "@rollup/rollup-linux-arm-musleabihf" "4.35.0"
    "@rollup/rollup-linux-arm64-gnu" "4.35.0"
    "@rollup/rollup-linux-arm64-musl" "4.35.0"
    "@rollup/rollup-linux-loongarch64-gnu" "4.35.0"
    "@rollup/rollup-linux-powerpc64le-gnu" "4.35.0"
    "@rollup/rollup-linux-riscv64-gnu" "4.35.0"
    "@rollup/rollup-linux-s390x-gnu" "4.35.0"
    "@rollup/rollup-linux-x64-gnu" "4.35.0"
    "@rollup/rollup-linux-x64-musl" "4.35.0"
    "@rollup/rollup-win32-arm64-msvc" "4.35.0"
    "@rollup/rollup-win32-ia32-msvc" "4.35.0"
    "@rollup/rollup-win32-x64-msvc" "4.35.0"
    fsevents "~2.3.2"

source-map-js@^1.2.1:
  version "1.2.1"
  resolved "https://registry.npmjs.org/source-map-js/-/source-map-js-1.2.1.tgz"
  integrity sha512-UXWMKhLOwVKb728IUtQPXxfYU+usdybtUrK/8uGE8CQMvrhOpwvzDBwj0QhSL7MQc7vIsISBG8VQ8+IDQxpfQA==

valibot@1.0.0-beta.14:
  version "1.0.0-beta.14"
  resolved "https://registry.npmjs.org/valibot/-/valibot-1.0.0-beta.14.tgz"
  integrity sha512-tLyV2rE5QL6U29MFy3xt4AqMrn+/HErcp2ZThASnQvPMwfSozjV1uBGKIGiegtZIGjinJqn0SlBdannf18wENA==

vite@^6.2.2:
  version "6.2.2"
  resolved "https://registry.npmjs.org/vite/-/vite-6.2.2.tgz"
  integrity sha512-yW7PeMM+LkDzc7CgJuRLMW2Jz0FxMOsVJ8Lv3gpgW9WLcb9cTW+121UEr1hvmfR7w3SegR5ItvYyzVz1vxNJgQ==
  dependencies:
    esbuild "^0.25.0"
    postcss "^8.5.3"
    rollup "^4.30.1"
  optionalDependencies:
    fsevents "~2.3.3"
